{
  "name": "kanafas-engine",
  "version": "1.0.0",
  "lockfileVersion": 1,
  "requires": true,
  "dependencies": {
    "kanafas-units": {
      "version": "git+https://github.com/kanafas/units.git#45cf6616f97b78bf0334b3d9d512cea599f87482",
      "from": "git+https://github.com/kanafas/units.git#v1.1.0"
    },
    "kanafas-utils": {
      "version": "git+https://github.com/kanafas/utils.git#1f9d0ea05be67760ae0c71d1cbbffa26080a8715",
      "from": "git+https://github.com/kanafas/utils.git#v1.0.0",
      "requires": {
        "kanafas-units": "git+https://github.com/kanafas/units.git#v1.1.0"
      }
    }
  }
}
